// !$*UTF8*$!
{
	archiveVersion = 1;
	classes = {
	};
	objectVersion = 110;
	objects = {

/* Begin PBXContainerItemProxy section */
		D2E5752F306DF5D5007AEC09 /* PBXContainerItemProxy */ = {
			isa = PBXContainerItemProxy;
			containerPortal = D2E57518306DF5D5007AEC09 /* Project object */;
			proxyType = 1;
			remoteGlobalIDString = D2E5751F306DF5D5007AEC09;
			remoteInfo = ExprCalc;
		};
/* End PBXContainerItemProxy section */

/* Begin PBXFileReference section */
		D2E57520306DF5D5007AEC09 /* ExprCalc.app */ = {isa = PBXFileReference; explicitFileType = wrapper.application; includeInIndex = 0; path = ExprCalc.app; sourceTree = BUILT_PRODUCTS_DIR; };
		D2E57531306DF5D5007AEC09 /* ExprCalcTests.xctest */ = {isa = PBXFileReference; explicitFileType = wrapper.cfbundle; includeInIndex = 0; path = ExprCalcTests.xctest; sourceTree = BUILT_PRODUCTS_DIR; };
/* End PBXFileReference section */

/* Begin PBXFileSystemSynchronizedRootGroup section */
		D2E57522306DF5D5007AEC09 /* ExprCalc */ = {
			isa = PBXFileSystemSynchronizedRootGroup;
			path = ExprCalc;
			sourceTree = "<group>";
		};
		D2E57532306DF5D5007AEC09 /* ExprCalcTests */ = {
			isa = PBXFileSystemSynchronizedRootGroup;
			path = ExprCalcTests;
			sourceTree = "<group>";
		};
/* End PBXFileSystemSynchronizedRootGroup section */

/* Begin PBXFrameworksBuildPhase section */
		D2E5751D306DF5D5007AEC09 /* Frameworks */ = {
			isa = PBXFrameworksBuildPhase;
			files = (
			);
		};
		D2E57535306DF5D5007AEC09 /* Frameworks */ = {
			isa = PBXFrameworksBuildPhase;
			files = (
			);
		};
/* End PBXFrameworksBuildPhase section */

/* Begin PBXGroup section */
		D2E57517306DF5D5007AEC09 = {
			isa = PBXGroup;
			children = (
				D2E57522306DF5D5007AEC09 /* ExprCalc */,
				D2E57532306DF5D5007AEC09 /* ExprCalcTests */,
				D2E57521306DF5D5007AEC09 /* Products */,
			);
			sourceTree = "<group>";
		};
		D2E57521306DF5D5007AEC09 /* Products */ = {
			isa = PBXGroup;
			children = (
				D2E57520306DF5D5007AEC09 /* ExprCalc.app */,
				D2E57531306DF5D5007AEC09 /* ExprCalcTests.xctest */,
			);
			name = Products;
			sourceTree = "<group>";
		};
/* End PBXGroup section */

/* Begin PBXNativeTarget section */
		D2E57533306DF5D5007AEC09 /* ExprCalcTests */ = {
			isa = PBXNativeTarget;
			buildConfigurationList = D2E5753B306DF5D6007AEC09 /* Build configuration list for PBXNativeTarget "ExprCalcTests" */;
			buildPhases = (
				D2E57534306DF5D5007AEC09 /* Sources */,
				D2E57535306DF5D5007AEC09 /* Frameworks */,
				D2E57536306DF5D5007AEC09 /* Resources */,
			);
			buildRules = (
			);
			dependencies = (
				D2E5752E306DF5D5007AEC09 /* PBXTargetDependency */,
			);
			fileSystemSynchronizedGroups = (
				D2E57532306DF5D5007AEC09 /* ExprCalcTests */,
			);
			name = ExprCalcTests;
			productName = ExprCalcTests;
			productReference = D2E57531306DF5D5007AEC09 /* ExprCalcTests.xctest */;
			productType = "com.apple.product-type.bundle.unit-test";
		};
		D2E5751F306DF5D5007AEC09 /* ExprCalc */ = {
			isa = PBXNativeTarget;
			buildConfigurationList = D2E5752B306DF5D6007AEC09 /* Build configuration list for PBXNativeTarget "ExprCalc" */;
			buildPhases = (
				D2E5751C306DF5D5007AEC09 /* Sources */,
				D2E5751D306DF5D5007AEC09 /* Frameworks */,
				D2E5751E306DF5D5007AEC09 /* Resources */,
			);
			buildRules = (
			);
			fileSystemSynchronizedGroups = (
				D2E57522306DF5D5007AEC09 /* ExprCalc */,
			);
			name = ExprCalc;
			productName = ExprCalc;
			productReference = D2E57520306DF5D5007AEC09 /* ExprCalc.app */;
			productType = "com.apple.product-type.application";
		};
/* End PBXNativeTarget section */

/* Begin PBXProject section */
		D2E57518306DF5D5007AEC09 /* Project object */ = {
			isa = PBXProject;
			attributes = {
				BuildIndependentTargetsInParallel = 1;
				LastSwiftUpdateCheck = 2700;
				LastUpgradeCheck = 2700;
				TargetAttributes = {
					D2E5751F306DF5D5007AEC09 = {
						CreatedOnToolsVersion = 27.0;
					};
					D2E57533306DF5D5007AEC09 = {
						CreatedOnToolsVersion = 27.0;
						TestTargetID = D2E5751F306DF5D5007AEC09;
					};
				};
			};
			buildConfigurationList = D2E5751B306DF5D5007AEC09 /* Build configuration list for PBXProject "ExprCalc" */;
			developmentRegion = en;
			hasScannedForEncodings = 0;
			knownRegions = (
				en,
				Base,
			);
			mainGroup = D2E57517306DF5D5007AEC09;
			minimizedProjectReferenceProxies = 1;
			preferredProjectObjectVersion = 77;
			productRefGroup = D2E57521306DF5D5007AEC09 /* Products */;
			projectDirPath = "";
			projectRoot = "";
			targets = (
				D2E5751F306DF5D5007AEC09 /* ExprCalc */,
				D2E57533306DF5D5007AEC09 /* ExprCalcTests */,
			);
		};
/* End PBXProject section */

/* Begin PBXResourcesBuildPhase section */
		D2E5751E306DF5D5007AEC09 /* Resources */ = {
			isa = PBXResourcesBuildPhase;
			files = (
			);
		};
		D2E57536306DF5D5007AEC09 /* Resources */ = {
			isa = PBXResourcesBuildPhase;
			files = (
			);
		};
/* End PBXResourcesBuildPhase section */

/* Begin PBXSourcesBuildPhase section */
		D2E5751C306DF5D5007AEC09 /* Sources */ = {
			isa = PBXSourcesBuildPhase;
			files = (
			);
		};
		D2E57534306DF5D5007AEC09 /* Sources */ = {
			isa = PBXSourcesBuildPhase;
			files = (
			);
		};
/* End PBXSourcesBuildPhase section */

/* Begin PBXTargetDependency section */
		D2E5752E306DF5D5007AEC09 /* PBXTargetDependency */ = {
			isa = PBXTargetDependency;
			target = D2E5751F306DF5D5007AEC09 /* ExprCalc */;
			targetProxy = D2E5752F306DF5D5007AEC09 /* PBXContainerItemProxy */;
		};
/* End PBXTargetDependency section */

/* Begin XCBuildConfiguration section */
		D2E57529306DF5D6007AEC09 /* Debug configuration for PBXProject "ExprCalc" */ = {
			isa = XCBuildConfiguration;
			buildSettings = {
				ALWAYS_SEARCH_USER_PATHS = NO;
				ASSETCATALOG_COMPILER_GENERATE_SWIFT_ASSET_SYMBOL_EXTENSIONS = YES;
				CLANG_ANALYZER_NONNULL = YES;
				CLANG_ANALYZER_NUMBER_OBJECT_CONVERSION = YES_AGGRESSIVE;
				CLANG_CXX_LANGUAGE_STANDARD = "gnu++20";
				CLANG_ENABLE_MODULES = YES;
				CLANG_ENABLE_OBJC_ARC = YES;
				CLANG_ENABLE_OBJC_WEAK = YES;
				CLANG_WARN_BLOCK_CAPTURE_AUTORELEASING = YES;
				CLANG_WARN_BOOL_CONVERSION = YES;
				CLANG_WARN_COMMA = YES;
				CLANG_WARN_CONSTANT_CONVERSION = YES;
				CLANG_WARN_DEPRECATED_OBJC_IMPLEMENTATIONS = YES;
				CLANG_WARN_DIRECT_OBJC_ISA_USAGE = YES_ERROR;
				CLANG_WARN_DOCUMENTATION_COMMENTS = YES;
				CLANG_WARN_EMPTY_BODY = YES;
				CLANG_WARN_ENUM_CONVERSION = YES;
				CLANG_WARN_INFINITE_RECURSION = YES;
				CLANG_WARN_INT_CONVERSION = YES;
				CLANG_WARN_NON_LITERAL_NULL_CONVERSION = YES;
				CLANG_WARN_OBJC_IMPLICIT_RETAIN_SELF = YES;
				CLANG_WARN_OBJC_LITERAL_CONVERSION = YES;
				CLANG_WARN_OBJC_ROOT_CLASS = YES_ERROR;
				CLANG_WARN_QUOTED_INCLUDE_IN_FRAMEWORK_HEADER = YES;
				CLANG_WARN_RANGE_LOOP_ANALYSIS = YES;
				CLANG_WARN_STRICT_PROTOTYPES = YES;
				CLANG_WARN_SUSPICIOUS_MOVE = YES;
				CLANG_WARN_UNGUARDED_AVAILABILITY = YES_AGGRESSIVE;
				CLANG_WARN_UNREACHABLE_CODE = YES;
				CLANG_WARN__DUPLICATE_METHOD_MATCH = YES;
				COPY_PHASE_STRIP = NO;
				DEBUG_INFORMATION_FORMAT = dwarf;
				ENABLE_STRICT_OBJC_MSGSEND = YES;
				ENABLE_TESTABILITY = YES;
				ENABLE_USER_SCRIPT_SANDBOXING = YES;
				GCC_C_LANGUAGE_STANDARD = gnu17;
				GCC_DYNAMIC_NO_PIC = NO;
				GCC_NO_COMMON_BLOCKS = YES;
				GCC_OPTIMIZATION_LEVEL = 0;
				GCC_PREPROCESSOR_DEFINITIONS = (
					"DEBUG=1",
					"$(inherited)",
				);
				GCC_WARN_64_TO_32_BIT_CONVERSION = YES;
				GCC_WARN_ABOUT_RETURN_TYPE = YES_ERROR;
				GCC_WARN_UNDECLARED_SELECTOR = YES;
				GCC_WARN_UNINITIALIZED_AUTOS = YES_AGGRESSIVE;
				GCC_WARN_UNUSED_FUNCTION = YES;
				GCC_WARN_UNUSED_VARIABLE = YES;
				LOCALIZATION_PREFERS_STRING_CATALOGS = YES;
				MACOSX_DEPLOYMENT_TARGET = 26.7;
				MTL_ENABLE_DEBUG_INFO = INCLUDE_SOURCE;
				MTL_FAST_MATH = YES;
				ONLY_ACTIVE_ARCH = YES;
				SDKROOT = macosx;
				SWIFT_ACTIVE_COMPILATION_CONDITIONS = "DEBUG $(inherited)";
				SWIFT_OPTIMIZATION_LEVEL = "-Onone";
			};
			name = Debug;
		};
		D2E5752A306DF5D6007AEC09 /* Release configuration for PBXProject "ExprCalc" */ = {
			isa = XCBuildConfiguration;
			buildSettings = {
				ALWAYS_SEARCH_USER_PATHS = NO;
				ASSETCATALOG_COMPILER_GENERATE_SWIFT_ASSET_SYMBOL_EXTENSIONS = YES;
				CLANG_ANALYZER_NONNULL = YES;
				CLANG_ANALYZER_NUMBER_OBJECT_CONVERSION = YES_AGGRESSIVE;
				CLANG_CXX_LANGUAGE_STANDARD = "gnu++20";
				CLANG_ENABLE_MODULES = YES;
				CLANG_ENABLE_OBJC_ARC = YES;
				CLANG_ENABLE_OBJC_WEAK = YES;
				CLANG_WARN_BLOCK_CAPTURE_AUTORELEASING = YES;
				CLANG_WARN_BOOL_CONVERSION = YES;
				CLANG_WARN_COMMA = YES;
				CLANG_WARN_CONSTANT_CONVERSION = YES;
				CLANG_WARN_DEPRECATED_OBJC_IMPLEMENTATIONS = YES;
				CLANG_WARN_DIRECT_OBJC_ISA_USAGE = YES_ERROR;
				CLANG_WARN_DOCUMENTATION_COMMENTS = YES;
				CLANG_WARN_EMPTY_BODY = YES;
				CLANG_WARN_ENUM_CONVERSION = YES;
				CLANG_WARN_INFINITE_RECURSION = YES;
				CLANG_WARN_INT_CONVERSION = YES;
				CLANG_WARN_NON_LITERAL_NULL_CONVERSION = YES;
				CLANG_WARN_OBJC_IMPLICIT_RETAIN_SELF = YES;
				CLANG_WARN_OBJC_LITERAL_CONVERSION = YES;
				CLANG_WARN_OBJC_ROOT_CLASS = YES_ERROR;
				CLANG_WARN_QUOTED_INCLUDE_IN_FRAMEWORK_HEADER = YES;
				CLANG_WARN_RANGE_LOOP_ANALYSIS = YES;
				CLANG_WARN_STRICT_PROTOTYPES = YES;
				CLANG_WARN_SUSPICIOUS_MOVE = YES;
				CLANG_WARN_UNGUARDED_AVAILABILITY = YES_AGGRESSIVE;
				CLANG_WARN_UNREACHABLE_CODE = YES;
				CLANG_WARN__DUPLICATE_METHOD_MATCH = YES;
				COPY_PHASE_STRIP = NO;
				DEBUG_INFORMATION_FORMAT = "dwarf-with-dsym";
				ENABLE_NS_ASSERTIONS = NO;
				ENABLE_STRICT_OBJC_MSGSEND = YES;
				ENABLE_USER_SCRIPT_SANDBOXING = YES;
				GCC_C_LANGUAGE_STANDARD = gnu17;
				GCC_NO_COMMON_BLOCKS = YES;
				GCC_WARN_64_TO_32_BIT_CONVERSION = YES;
				GCC_WARN_ABOUT_RETURN_TYPE = YES_ERROR;
				GCC_WARN_UNDECLARED_SELECTOR = YES;
				GCC_WARN_UNINITIALIZED_AUTOS = YES_AGGRESSIVE;
				GCC_WARN_UNUSED_FUNCTION = YES;
				GCC_WARN_UNUSED_VARIABLE = YES;
				LOCALIZATION_PREFERS_STRING_CATALOGS = YES;
				MACOSX_DEPLOYMENT_TARGET = 26.7;
				MTL_ENABLE_DEBUG_INFO = NO;
				MTL_FAST_MATH = YES;
				SDKROOT = macosx;
				SWIFT_COMPILATION_MODE = wholemodule;
			};
			name = Release;
		};
		D2E5752C306DF5D6007AEC09 /* Debug configuration for PBXNativeTarget "ExprCalc" */ = {
			isa = XCBuildConfiguration;
			buildSettings = {
				ASSETCATALOG_COMPILER_APPICON_NAME = AppIcon;
				ASSETCATALOG_COMPILER_GLOBAL_ACCENT_COLOR_NAME = AccentColor;
				CODE_SIGN_STYLE = Automatic;
				COMBINE_HIDPI_IMAGES = YES;
				CURRENT_PROJECT_VERSION = 1;
				ENABLE_APP_SANDBOX = YES;
				ENABLE_PREVIEWS = YES;
				ENABLE_USER_SELECTED_FILES = readonly;
				GENERATE_INFOPLIST_FILE = YES;
				INFOPLIST_KEY_NSHumanReadableCopyright = "";
				LD_RUNPATH_SEARCH_PATHS = (
					"$(inherited)",
					"@executable_path/../Frameworks",
				);
				MARKETING_VERSION = 1.0;
				PRODUCT_BUNDLE_IDENTIFIER = bluesky.ExprCalc;
				PRODUCT_NAME = "$(TARGET_NAME)";
				REGISTER_APP_GROUPS = YES;
				STRING_CATALOG_GENERATE_SYMBOLS = YES;
				SWIFT_APPROACHABLE_CONCURRENCY = YES;
				SWIFT_DEFAULT_ACTOR_ISOLATION = MainActor;
				SWIFT_EMIT_LOC_STRINGS = YES;
				SWIFT_UPCOMING_FEATURE_MEMBER_IMPORT_VISIBILITY = YES;
				SWIFT_VERSION = 5.0;
			};
			name = Debug;
		};
		D2E5752D306DF5D6007AEC09 /* Release configuration for PBXNativeTarget "ExprCalc" */ = {
			isa = XCBuildConfiguration;
			buildSettings = {
				ASSETCATALOG_COMPILER_APPICON_NAME = AppIcon;
				ASSETCATALOG_COMPILER_GLOBAL_ACCENT_COLOR_NAME = AccentColor;
				CODE_SIGN_STYLE = Automatic;
				COMBINE_HIDPI_IMAGES = YES;
				CURRENT_PROJECT_VERSION = 1;
				ENABLE_APP_SANDBOX = YES;
				ENABLE_PREVIEWS = YES;
				ENABLE_USER_SELECTED_FILES = readonly;
				GENERATE_INFOPLIST_FILE = YES;
				INFOPLIST_KEY_NSHumanReadableCopyright = "";
				LD_RUNPATH_SEARCH_PATHS = (
					"$(inherited)",
					"@executable_path/../Frameworks",
				);
				MARKETING_VERSION = 1.0;
				PRODUCT_BUNDLE_IDENTIFIER = bluesky.ExprCalc;
				PRODUCT_NAME = "$(TARGET_NAME)";
				REGISTER_APP_GROUPS = YES;
				STRING_CATALOG_GENERATE_SYMBOLS = YES;
				SWIFT_APPROACHABLE_CONCURRENCY = YES;
				SWIFT_DEFAULT_ACTOR_ISOLATION = MainActor;
				SWIFT_EMIT_LOC_STRINGS = YES;
				SWIFT_UPCOMING_FEATURE_MEMBER_IMPORT_VISIBILITY = YES;
				SWIFT_VERSION = 5.0;
			};
			name = Release;
		};
		D2E57537306DF5D6007AEC09 /* Debug configuration for PBXNativeTarget "ExprCalcTests" */ = {
			isa = XCBuildConfiguration;
			buildSettings = {
				BUNDLE_LOADER = "$(TEST_HOST)";
				CODE_SIGN_STYLE = Automatic;
				CURRENT_PROJECT_VERSION = 1;
				ENABLE_TESTING_SEARCH_PATHS = YES;
				GENERATE_INFOPLIST_FILE = YES;
				MARKETING_VERSION = 1.0;
				PRODUCT_BUNDLE_IDENTIFIER = bluesky.ExprCalcTests;
				PRODUCT_NAME = "$(TARGET_NAME)";
				SWIFT_APPROACHABLE_CONCURRENCY = YES;
				SWIFT_DEFAULT_ACTOR_ISOLATION = MainActor;
				SWIFT_EMIT_LOC_STRINGS = NO;
				SWIFT_VERSION = 5.0;
				TEST_HOST = "$(BUILT_PRODUCTS_DIR)/ExprCalc.app/Contents/MacOS/ExprCalc";
			};
			name = Debug;
		};
		D2E57538306DF5D6007AEC09 /* Release configuration for PBXNativeTarget "ExprCalcTests" */ = {
			isa = XCBuildConfiguration;
			buildSettings = {
				BUNDLE_LOADER = "$(TEST_HOST)";
				CODE_SIGN_STYLE = Automatic;
				CURRENT_PROJECT_VERSION = 1;
				ENABLE_TESTING_SEARCH_PATHS = YES;
				GENERATE_INFOPLIST_FILE = YES;
				MARKETING_VERSION = 1.0;
				PRODUCT_BUNDLE_IDENTIFIER = bluesky.ExprCalcTests;
				PRODUCT_NAME = "$(TARGET_NAME)";
				SWIFT_APPROACHABLE_CONCURRENCY = YES;
				SWIFT_DEFAULT_ACTOR_ISOLATION = MainActor;
				SWIFT_EMIT_LOC_STRINGS = NO;
				SWIFT_VERSION = 5.0;
				TEST_HOST = "$(BUILT_PRODUCTS_DIR)/ExprCalc.app/Contents/MacOS/ExprCalc";
			};
			name = Release;
		};
/* End XCBuildConfiguration section */

/* Begin XCConfigurationList section */
		D2E5751B306DF5D5007AEC09 /* Build configuration list for PBXProject "ExprCalc" */ = {
			isa = XCConfigurationList;
			buildConfigurations = (
				D2E57529306DF5D6007AEC09 /* Debug configuration for PBXProject "ExprCalc" */,
				D2E5752A306DF5D6007AEC09 /* Release configuration for PBXProject "ExprCalc" */,
			);
			defaultConfigurationName = Release;
		};
		D2E5752B306DF5D6007AEC09 /* Build configuration list for PBXNativeTarget "ExprCalc" */ = {
			isa = XCConfigurationList;
			buildConfigurations = (
				D2E5752C306DF5D6007AEC09 /* Debug configuration for PBXNativeTarget "ExprCalc" */,
				D2E5752D306DF5D6007AEC09 /* Release configuration for PBXNativeTarget "ExprCalc" */,
			);
			defaultConfigurationName = Release;
		};
		D2E5753B306DF5D6007AEC09 /* Build configuration list for PBXNativeTarget "ExprCalcTests" */ = {
			isa = XCConfigurationList;
			buildConfigurations = (
				D2E57537306DF5D6007AEC09 /* Debug configuration for PBXNativeTarget "ExprCalcTests" */,
				D2E57538306DF5D6007AEC09 /* Release configuration for PBXNativeTarget "ExprCalcTests" */,
			);
			defaultConfigurationName = Release;
		};
/* End XCConfigurationList section */
	};
	rootObject = D2E57518306DF5D5007AEC09 /* Project object */;
	validationLevel = 1;
}
